{
  "name": "ace",
  "lockfileVersion": 2,
  "requires": true,
  "packages": {
    "": {
      "dependencies": {
        "@uni/accelerometer": "^1.0.7"
      }
    },
    "node_modules/@uni/accelerometer": {
      "version": "1.0.7",
      "resolved": "https://registry.npmjs.org/@uni/accelerometer/-/accelerometer-1.0.7.tgz",
      "integrity": "sha512-tEQJDjhm+DapkP01oFtEvCrc6sL3diMLJ6bTMus9R7Q4BjFZwztshwrFL8/zc1NtwpoFslKk6xqMeDtMxCjK+g==",
      "dependencies": {
        "@uni/env": "^1.0.0"
      }
    },
    "node_modules/@uni/env": {
      "version": "1.1.0",
      "resolved": "https://registry.npmjs.org/@uni/env/-/env-1.1.0.tgz",
      "integrity": "sha512-2GVgUzxIaO2vGElXEuc45+I7L6Jbw8inLDDFuC0K4htjKtPmYywKSE6oDhvmdAXb4GCOH8hmxECYtAh1rjsgoQ=="
    }
  },
  "dependencies": {
    "@uni/accelerometer": {
      "version": "1.0.7",
      "resolved": "https://registry.npmjs.org/@uni/accelerometer/-/accelerometer-1.0.7.tgz",
      "integrity": "sha512-tEQJDjhm+DapkP01oFtEvCrc6sL3diMLJ6bTMus9R7Q4BjFZwztshwrFL8/zc1NtwpoFslKk6xqMeDtMxCjK+g==",
      "requires": {
        "@uni/env": "^1.0.0"
      }
    },
    "@uni/env": {
      "version": "1.1.0",
      "resolved": "https://registry.npmjs.org/@uni/env/-/env-1.1.0.tgz",
      "integrity": "sha512-2GVgUzxIaO2vGElXEuc45+I7L6Jbw8inLDDFuC0K4htjKtPmYywKSE6oDhvmdAXb4GCOH8hmxECYtAh1rjsgoQ=="
    }
  }
}
